
Microsoft Visual Studio Solution File, Format Version 12.00
# Visual Studio Version 17
VisualStudioVersion = 17.12.35707.178 d17.12
MinimumVisualStudioVersion = 10.0.40219.1
Project("{FAE04EC0-301F-11D3-BF4B-00C04F79EFBC}") = "percorrendo-vetor-de-string", "percorrendo-vetor-de-string\percorrendo-vetor-de-string.csproj", "{4B50651C-8572-4ECB-B093-AE0617B089DE}"
EndProject
Global
	GlobalSection(SolutionConfigurationPlatforms) = preSolution
		Debug|Any CPU = Debug|Any CPU
		Release|Any CPU = Release|Any CPU
	EndGlobalSection
	GlobalSection(ProjectConfigurationPlatforms) = postSolution
		{4B50651C-8572-4ECB-B093-AE0617B089DE}.Debug|Any CPU.ActiveCfg = Debug|Any CPU
		{4B50651C-8572-4ECB-B093-AE0617B089DE}.Debug|Any CPU.Build.0 = Debug|Any CPU
		{4B50651C-8572-4ECB-B093-AE0617B089DE}.Release|Any CPU.ActiveCfg = Release|Any CPU
		{4B50651C-8572-4ECB-B093-AE0617B089DE}.Release|Any CPU.Build.0 = Release|Any CPU
	EndGlobalSection
	GlobalSection(SolutionProperties) = preSolution
		HideSolutionNode = FALSE
	EndGlobalSection
EndGlobal
